
Microsoft Visual Studio Solution File, Format Version 12.00
# Visual Studio 15
Project("{FAE04EC0-301F-11D3-BF4B-00C04F79EFBC}") = "ToDoCore", "ToDoCore\ToDoCore.csproj", "{9C740797-8F96-4669-A2D3-99845D6785A3}"
EndProject
Global
	GlobalSection(SolutionConfigurationPlatforms) = preSolution
		Debug|Any CPU = Debug|Any CPU
		Release|Any CPU = Release|Any CPU
	EndGlobalSection
	GlobalSection(ProjectConfigurationPlatforms) = postSolution
		{9C740797-8F96-4669-A2D3-99845D6785A3}.Debug|Any CPU.ActiveCfg = Debug|Any CPU
		{9C740797-8F96-4669-A2D3-99845D6785A3}.Debug|Any CPU.Build.0 = Debug|Any CPU
		{9C740797-8F96-4669-A2D3-99845D6785A3}.Release|Any CPU.ActiveCfg = Release|Any CPU
		{9C740797-8F96-4669-A2D3-99845D6785A3}.Release|Any CPU.Build.0 = Release|Any CPU
	EndGlobalSection
EndGlobal
